
Microsoft Visual Studio Solution File, Format Version 12.00
# Visual Studio Version 16
VisualStudioVersion = 16.0.30621.155
MinimumVisualStudioVersion = 10.0.40219.1
Project("{9A19103F-16F7-4668-BE54-9A1E7A4F7556}") = "Colleague_Of_The_Month", "Colleague_Of_The_Month\Colleague_Of_The_Month.csproj", "{0F122AF9-4D99-4A2F-9440-98CC81EE6434}"
EndProject
Global
	GlobalSection(SolutionConfigurationPlatforms) = preSolution
		Debug|Any CPU = Debug|Any CPU
		development|Any CPU = development|Any CPU
		production|Any CPU = production|Any CPU
		Release|Any CPU = Release|Any CPU
	EndGlobalSection
	GlobalSection(ProjectConfigurationPlatforms) = postSolution
		{0F122AF9-4D99-4A2F-9440-98CC81EE6434}.Debug|Any CPU.ActiveCfg = Debug|Any CPU
		{0F122AF9-4D99-4A2F-9440-98CC81EE6434}.Debug|Any CPU.Build.0 = Debug|Any CPU
		{0F122AF9-4D99-4A2F-9440-98CC81EE6434}.development|Any CPU.ActiveCfg = development|Any CPU
		{0F122AF9-4D99-4A2F-9440-98CC81EE6434}.development|Any CPU.Build.0 = development|Any CPU
		{0F122AF9-4D99-4A2F-9440-98CC81EE6434}.production|Any CPU.ActiveCfg = production|Any CPU
		{0F122AF9-4D99-4A2F-9440-98CC81EE6434}.production|Any CPU.Build.0 = production|Any CPU
		{0F122AF9-4D99-4A2F-9440-98CC81EE6434}.Release|Any CPU.ActiveCfg = Release|Any CPU
		{0F122AF9-4D99-4A2F-9440-98CC81EE6434}.Release|Any CPU.Build.0 = Release|Any CPU
	EndGlobalSection
	GlobalSection(SolutionProperties) = preSolution
		HideSolutionNode = FALSE
	EndGlobalSection
	GlobalSection(ExtensibilityGlobals) = postSolution
		SolutionGuid = {ABA8E0AF-E4B5-40E6-A2FC-CEF04C87A464}
	EndGlobalSection
EndGlobal
